// !$*UTF8*$!
{
	archiveVersion = 1;
	classes = {
	};
	objectVersion = 56;
	objects = {

/* Begin PBXBuildFile section */
		6B0BE2AB293281B0008C1F2E /* ActionDetail.swift in Sources */ = {isa = PBXBuildFile; fileRef = 6B0BE2AA293281B0008C1F2E /* ActionDetail.swift */; };
		6B0CF452292AE2F70013488E /* PageViewController.swift in Sources */ = {isa = PBXBuildFile; fileRef = 6B0CF451292AE2F70013488E /* PageViewController.swift */; };
		6B0CF454292AEFFC0013488E /* FeatureCard.swift in Sources */ = {isa = PBXBuildFile; fileRef = 6B0CF453292AEFFC0013488E /* FeatureCard.swift */; };
		6B0CF456292B09B20013488E /* PageView.swift in Sources */ = {isa = PBXBuildFile; fileRef = 6B0CF455292B09B20013488E /* PageView.swift */; };
		6B0CF458292B0E930013488E /* PageControl.swift in Sources */ = {isa = PBXBuildFile; fileRef = 6B0CF457292B0E930013488E /* PageControl.swift */; };
		6B0CF45A292B17E80013488E /* ArticleDetails.swift in Sources */ = {isa = PBXBuildFile; fileRef = 6B0CF459292B17E80013488E /* ArticleDetails.swift */; };
		6B0CF45E292BFD130013488E /* OtherArticles.swift in Sources */ = {isa = PBXBuildFile; fileRef = 6B0CF45D292BFD130013488E /* OtherArticles.swift */; };
		6B0CF460292C21000013488E /* SFSafariViewWrapper.swift in Sources */ = {isa = PBXBuildFile; fileRef = 6B0CF45F292C21000013488E /* SFSafariViewWrapper.swift */; };
		6B13DB96292FCDB8001D9214 /* ImagePicker.swift in Sources */ = {isa = PBXBuildFile; fileRef = 6B13DB95292FCDB8001D9214 /* ImagePicker.swift */; };
		6B13DB98292FD5A9001D9214 /* PastActionDetail.swift in Sources */ = {isa = PBXBuildFile; fileRef = 6B13DB97292FD5A9001D9214 /* PastActionDetail.swift */; };
		6B16491D2952532B00532290 /* WelcomeView.swift in Sources */ = {isa = PBXBuildFile; fileRef = 6B16491C2952532B00532290 /* WelcomeView.swift */; };
		6B16A37F2A104B4200EEBB45 /* Articles_zh.json in Resources */ = {isa = PBXBuildFile; fileRef = 6B16A37E2A104B4200EEBB45 /* Articles_zh.json */; };
		6B44F074299193CC0016CD36 /* CO2-Aware-InfoPlist.strings in Resources */ = {isa = PBXBuildFile; fileRef = 6B44F072299193CC0016CD36 /* CO2-Aware-InfoPlist.strings */; };
		6B44F077299193CC0016CD36 /* Localizable.strings in Resources */ = {isa = PBXBuildFile; fileRef = 6B44F075299193CC0016CD36 /* Localizable.strings */; };
		6B857A842A105AAC00C900DC /* Actions_zh.json in Resources */ = {isa = PBXBuildFile; fileRef = 6B857A832A105AAC00C900DC /* Actions_zh.json */; };
		6BA84E382931710E00D38152 /* Action.swift in Sources */ = {isa = PBXBuildFile; fileRef = 6BA84E372931710E00D38152 /* Action.swift */; };
		6BA84E3A2931719000D38152 /* Actions.json in Resources */ = {isa = PBXBuildFile; fileRef = 6BA84E392931719000D38152 /* Actions.json */; };
		6BA84E3C2931722F00D38152 /* ActionModelData.swift in Sources */ = {isa = PBXBuildFile; fileRef = 6BA84E3B2931722F00D38152 /* ActionModelData.swift */; };
		6BE6FA3F292EC334008814F3 /* Actions.xcdatamodeld in Sources */ = {isa = PBXBuildFile; fileRef = 6BE6FA3D292EC334008814F3 /* Actions.xcdatamodeld */; };
		6BF130EE2926E75F00D23961 /* articles2.json in Resources */ = {isa = PBXBuildFile; fileRef = 6BF130ED2926E75F00D23961 /* articles2.json */; };
		6BFC47422953874C00CF1AEE /* NotificationManager.swift in Sources */ = {isa = PBXBuildFile; fileRef = 6BFC47412953874C00CF1AEE /* NotificationManager.swift */; };
		6BFC474429539D1100CF1AEE /* About US.swift in Sources */ = {isa = PBXBuildFile; fileRef = 6BFC474329539D1100CF1AEE /* About US.swift */; };
		A1379DDF28EE759200E3154B /* GHGPerCapita.swift in Sources */ = {isa = PBXBuildFile; fileRef = A1379DDE28EE759200E3154B /* GHGPerCapita.swift */; };
		A1379DE128EE769000E3154B /* GHGPerCap.csv in Resources */ = {isa = PBXBuildFile; fileRef = A1379DE028EE768F00E3154B /* GHGPerCap.csv */; };
		A147750B28D5495800C204EA /* CO2_AwareApp.swift in Sources */ = {isa = PBXBuildFile; fileRef = A147750A28D5495800C204EA /* CO2_AwareApp.swift */; };
		A147750D28D5495800C204EA /* ContentView.swift in Sources */ = {isa = PBXBuildFile; fileRef = A147750C28D5495800C204EA /* ContentView.swift */; };
		A147750F28D5495A00C204EA /* Assets.xcassets in Resources */ = {isa = PBXBuildFile; fileRef = A147750E28D5495A00C204EA /* Assets.xcassets */; };
		A147751228D5495A00C204EA /* Preview Assets.xcassets in Resources */ = {isa = PBXBuildFile; fileRef = A147751128D5495A00C204EA /* Preview Assets.xcassets */; };
		A147751428D5495A00C204EA /* Persistence.swift in Sources */ = {isa = PBXBuildFile; fileRef = A147751328D5495A00C204EA /* Persistence.swift */; };
		A147753B28D6020000C204EA /* HomeView.swift in Sources */ = {isa = PBXBuildFile; fileRef = A147753A28D6020000C204EA /* HomeView.swift */; };
		A147753E28D6022700C204EA /* ActionsView.swift in Sources */ = {isa = PBXBuildFile; fileRef = A147753D28D6022700C204EA /* ActionsView.swift */; };
		A147754128D6025800C204EA /* DiscoverView.swift in Sources */ = {isa = PBXBuildFile; fileRef = A147754028D6025800C204EA /* DiscoverView.swift */; };
		A147754428D602A600C204EA /* UserSelfView.swift in Sources */ = {isa = PBXBuildFile; fileRef = A147754328D602A600C204EA /* UserSelfView.swift */; };
		A1A6A13228EA883D000A53D1 /* LevelsManager.swift in Sources */ = {isa = PBXBuildFile; fileRef = A1A6A13128EA883D000A53D1 /* LevelsManager.swift */; };
		A1B3DF9E28F3A06D001D2EDE /* HealthStepsManager.swift in Sources */ = {isa = PBXBuildFile; fileRef = A1B3DF9D28F3A06D001D2EDE /* HealthStepsManager.swift */; };
		A1E890E529180DC900C8E28E /* Article.swift in Sources */ = {isa = PBXBuildFile; fileRef = A1E890E329180DC900C8E28E /* Article.swift */; };
		A1E890E629180DC900C8E28E /* ModelData.swift in Sources */ = {isa = PBXBuildFile; fileRef = A1E890E429180DC900C8E28E /* ModelData.swift */; };
/* End PBXBuildFile section */

/* Begin PBXFileReference section */
		6B0BE2AA293281B0008C1F2E /* ActionDetail.swift */ = {isa = PBXFileReference; lastKnownFileType = sourcecode.swift; path = ActionDetail.swift; sourceTree = "<group>"; };
		6B0CF451292AE2F70013488E /* PageViewController.swift */ = {isa = PBXFileReference; lastKnownFileType = sourcecode.swift; path = PageViewController.swift; sourceTree = "<group>"; };
		6B0CF453292AEFFC0013488E /* FeatureCard.swift */ = {isa = PBXFileReference; lastKnownFileType = sourcecode.swift; path = FeatureCard.swift; sourceTree = "<group>"; };
		6B0CF455292B09B20013488E /* PageView.swift */ = {isa = PBXFileReference; lastKnownFileType = sourcecode.swift; path = PageView.swift; sourceTree = "<group>"; };
		6B0CF457292B0E930013488E /* PageControl.swift */ = {isa = PBXFileReference; lastKnownFileType = sourcecode.swift; path = PageControl.swift; sourceTree = "<group>"; };
		6B0CF459292B17E80013488E /* ArticleDetails.swift */ = {isa = PBXFileReference; lastKnownFileType = sourcecode.swift; path = ArticleDetails.swift; sourceTree = "<group>"; };
		6B0CF45D292BFD130013488E /* OtherArticles.swift */ = {isa = PBXFileReference; lastKnownFileType = sourcecode.swift; path = OtherArticles.swift; sourceTree = "<group>"; };
		6B0CF45F292C21000013488E /* SFSafariViewWrapper.swift */ = {isa = PBXFileReference; lastKnownFileType = sourcecode.swift; path = SFSafariViewWrapper.swift; sourceTree = "<group>"; };
		6B13DB95292FCDB8001D9214 /* ImagePicker.swift */ = {isa = PBXFileReference; lastKnownFileType = sourcecode.swift; path = ImagePicker.swift; sourceTree = "<group>"; };
		6B13DB97292FD5A9001D9214 /* PastActionDetail.swift */ = {isa = PBXFileReference; lastKnownFileType = sourcecode.swift; path = PastActionDetail.swift; sourceTree = "<group>"; };
		6B16491C2952532B00532290 /* WelcomeView.swift */ = {isa = PBXFileReference; lastKnownFileType = sourcecode.swift; path = WelcomeView.swift; sourceTree = "<group>"; };
		6B16A37E2A104B4200EEBB45 /* Articles_zh.json */ = {isa = PBXFileReference; lastKnownFileType = text.json; path = Articles_zh.json; sourceTree = "<group>"; };
		6B44F073299193CC0016CD36 /* zh-Hans */ = {isa = PBXFileReference; lastKnownFileType = text.plist.strings; name = "zh-Hans"; path = "zh-Hans.lproj/CO2-Aware-InfoPlist.strings"; sourceTree = "<group>"; };
		6B44F076299193CC0016CD36 /* zh-Hans */ = {isa = PBXFileReference; lastKnownFileType = text.plist.strings; name = "zh-Hans"; path = "zh-Hans.lproj/Localizable.strings"; sourceTree = "<group>"; };
		6B857A832A105AAC00C900DC /* Actions_zh.json */ = {isa = PBXFileReference; lastKnownFileType = text.json; path = Actions_zh.json; sourceTree = "<group>"; };
		6BA84E372931710E00D38152 /* Action.swift */ = {isa = PBXFileReference; lastKnownFileType = sourcecode.swift; path = Action.swift; sourceTree = "<group>"; };
		6BA84E392931719000D38152 /* Actions.json */ = {isa = PBXFileReference; fileEncoding = 4; lastKnownFileType = text.json; path = Actions.json; sourceTree = "<group>"; };
		6BA84E3B2931722F00D38152 /* ActionModelData.swift */ = {isa = PBXFileReference; lastKnownFileType = sourcecode.swift; path = ActionModelData.swift; sourceTree = "<group>"; };
		6BE6FA3E292EC334008814F3 /* Actions.xcdatamodel */ = {isa = PBXFileReference; lastKnownFileType = wrapper.xcdatamodel; path = Actions.xcdatamodel; sourceTree = "<group>"; };
		6BF130ED2926E75F00D23961 /* articles2.json */ = {isa = PBXFileReference; fileEncoding = 4; lastKnownFileType = text.json; path = articles2.json; sourceTree = "<group>"; };
		6BFC47412953874C00CF1AEE /* NotificationManager.swift */ = {isa = PBXFileReference; lastKnownFileType = sourcecode.swift; path = NotificationManager.swift; sourceTree = "<group>"; };
		6BFC474329539D1100CF1AEE /* About US.swift */ = {isa = PBXFileReference; lastKnownFileType = sourcecode.swift; path = "About US.swift"; sourceTree = "<group>"; };
		A1379DDE28EE759200E3154B /* GHGPerCapita.swift */ = {isa = PBXFileReference; lastKnownFileType = sourcecode.swift; path = GHGPerCapita.swift; sourceTree = "<group>"; };
		A1379DE028EE768F00E3154B /* GHGPerCap.csv */ = {isa = PBXFileReference; fileEncoding = 4; lastKnownFileType = text; path = GHGPerCap.csv; sourceTree = "<group>"; };
		A147750728D5495800C204EA /* CO2 Aware.app */ = {isa = PBXFileReference; explicitFileType = wrapper.application; includeInIndex = 0; path = "CO2 Aware.app"; sourceTree = BUILT_PRODUCTS_DIR; };
		A147750A28D5495800C204EA /* CO2_AwareApp.swift */ = {isa = PBXFileReference; lastKnownFileType = sourcecode.swift; path = CO2_AwareApp.swift; sourceTree = "<group>"; };
		A147750C28D5495800C204EA /* ContentView.swift */ = {isa = PBXFileReference; lastKnownFileType = sourcecode.swift; path = ContentView.swift; sourceTree = "<group>"; };
		A147750E28D5495A00C204EA /* Assets.xcassets */ = {isa = PBXFileReference; lastKnownFileType = folder.assetcatalog; path = Assets.xcassets; sourceTree = "<group>"; };
		A147751128D5495A00C204EA /* Preview Assets.xcassets */ = {isa = PBXFileReference; lastKnownFileType = folder.assetcatalog; path = "Preview Assets.xcassets"; sourceTree = "<group>"; };
		A147751328D5495A00C204EA /* Persistence.swift */ = {isa = PBXFileReference; lastKnownFileType = sourcecode.swift; path = Persistence.swift; sourceTree = "<group>"; };
		A147753A28D6020000C204EA /* HomeView.swift */ = {isa = PBXFileReference; lastKnownFileType = sourcecode.swift; path = HomeView.swift; sourceTree = "<group>"; };
		A147753D28D6022700C204EA /* ActionsView.swift */ = {isa = PBXFileReference; lastKnownFileType = sourcecode.swift; path = ActionsView.swift; sourceTree = "<group>"; };
		A147754028D6025800C204EA /* DiscoverView.swift */ = {isa = PBXFileReference; lastKnownFileType = sourcecode.swift; path = DiscoverView.swift; sourceTree = "<group>"; };
		A147754328D602A600C204EA /* UserSelfView.swift */ = {isa = PBXFileReference; lastKnownFileType = sourcecode.swift; path = UserSelfView.swift; sourceTree = "<group>"; };
		A1A6A13128EA883D000A53D1 /* LevelsManager.swift */ = {isa = PBXFileReference; lastKnownFileType = sourcecode.swift; path = LevelsManager.swift; sourceTree = "<group>"; };
		A1B3DF9D28F3A06D001D2EDE /* HealthStepsManager.swift */ = {isa = PBXFileReference; lastKnownFileType = sourcecode.swift; path = HealthStepsManager.swift; sourceTree = "<group>"; };
		A1B3DF9F28F3BE43001D2EDE /* CO2-Aware-Info.plist */ = {isa = PBXFileReference; lastKnownFileType = text.plist; path = "CO2-Aware-Info.plist"; sourceTree = SOURCE_ROOT; };
		A1B3DFA028F3C4AF001D2EDE /* CO2 Aware.entitlements */ = {isa = PBXFileReference; lastKnownFileType = text.plist.entitlements; path = "CO2 Aware.entitlements"; sourceTree = "<group>"; };
		A1E890E329180DC900C8E28E /* Article.swift */ = {isa = PBXFileReference; fileEncoding = 4; lastKnownFileType = sourcecode.swift; path = Article.swift; sourceTree = "<group>"; };
		A1E890E429180DC900C8E28E /* ModelData.swift */ = {isa = PBXFileReference; fileEncoding = 4; lastKnownFileType = sourcecode.swift; path = ModelData.swift; sourceTree = "<group>"; };
/* End PBXFileReference section */

/* Begin PBXFrameworksBuildPhase section */
		A147750428D5495800C204EA /* Frameworks */ = {
			isa = PBXFrameworksBuildPhase;
			buildActionMask = 2147483647;
			files = (
			);
			runOnlyForDeploymentPostprocessing = 0;
		};
/* End PBXFrameworksBuildPhase section */

/* Begin PBXGroup section */
		6B0CF45B292BD4FC0013488E /* FeatureCard */ = {
			isa = PBXGroup;
			children = (
				6B0CF451292AE2F70013488E /* PageViewController.swift */,
				6B0CF457292B0E930013488E /* PageControl.swift */,
				6B0CF453292AEFFC0013488E /* FeatureCard.swift */,
				6B0CF455292B09B20013488E /* PageView.swift */,
			);
			path = FeatureCard;
			sourceTree = "<group>";
		};
		6B0CF45C292BD5150013488E /* ArticleModel */ = {
			isa = PBXGroup;
			children = (
				A1E890E329180DC900C8E28E /* Article.swift */,
				A1E890E429180DC900C8E28E /* ModelData.swift */,
				6B0CF459292B17E80013488E /* ArticleDetails.swift */,
				6B0CF45D292BFD130013488E /* OtherArticles.swift */,
				6BF130ED2926E75F00D23961 /* articles2.json */,
				6B16A37E2A104B4200EEBB45 /* Articles_zh.json */,
			);
			path = ArticleModel;
			sourceTree = "<group>";
		};
		6BA84E362931707B00D38152 /* ActionModel */ = {
			isa = PBXGroup;
			children = (
				6BA84E372931710E00D38152 /* Action.swift */,
				6BA84E3B2931722F00D38152 /* ActionModelData.swift */,
				6BA84E392931719000D38152 /* Actions.json */,
				6B857A832A105AAC00C900DC /* Actions_zh.json */,
			);
			path = ActionModel;
			sourceTree = "<group>";
		};
		A14774FE28D5495800C204EA = {
			isa = PBXGroup;
			children = (
				A147750928D5495800C204EA /* CO2 Aware */,
				A147750828D5495800C204EA /* Products */,
			);
			sourceTree = "<group>";
		};
		A147750828D5495800C204EA /* Products */ = {
			isa = PBXGroup;
			children = (
				A147750728D5495800C204EA /* CO2 Aware.app */,
			);
			name = Products;
			sourceTree = "<group>";
		};
		A147750928D5495800C204EA /* CO2 Aware */ = {
			isa = PBXGroup;
			children = (
				A147750A28D5495800C204EA /* CO2_AwareApp.swift */,
				A147750C28D5495800C204EA /* ContentView.swift */,
				6B16491C2952532B00532290 /* WelcomeView.swift */,
				A147751328D5495A00C204EA /* Persistence.swift */,
				A1A6A13128EA883D000A53D1 /* LevelsManager.swift */,
				6BFC47412953874C00CF1AEE /* NotificationManager.swift */,
				6B0CF45F292C21000013488E /* SFSafariViewWrapper.swift */,
				A147753C28D6020F00C204EA /* Home */,
				A147753F28D6022A00C204EA /* Actions */,
				A147754228D6026100C204EA /* Discover */,
				A147754528D602B400C204EA /* UserSelf */,
				A147751028D5495A00C204EA /* Preview Content */,
				6BE6FA3D292EC334008814F3 /* Actions.xcdatamodeld */,
				A147750E28D5495A00C204EA /* Assets.xcassets */,
				A1B3DFA028F3C4AF001D2EDE /* CO2 Aware.entitlements */,
				A1B3DF9F28F3BE43001D2EDE /* CO2-Aware-Info.plist */,
				6B44F075299193CC0016CD36 /* Localizable.strings */,
				6B44F072299193CC0016CD36 /* CO2-Aware-InfoPlist.strings */,
			);
			path = "CO2 Aware";
			sourceTree = "<group>";
		};
		A147751028D5495A00C204EA /* Preview Content */ = {
			isa = PBXGroup;
			children = (
				A147751128D5495A00C204EA /* Preview Assets.xcassets */,
			);
			path = "Preview Content";
			sourceTree = "<group>";
		};
		A147753C28D6020F00C204EA /* Home */ = {
			isa = PBXGroup;
			children = (
				A147753A28D6020000C204EA /* HomeView.swift */,
				A1B3DF9D28F3A06D001D2EDE /* HealthStepsManager.swift */,
			);
			path = Home;
			sourceTree = "<group>";
		};
		A147753F28D6022A00C204EA /* Actions */ = {
			isa = PBXGroup;
			children = (
				A147753D28D6022700C204EA /* ActionsView.swift */,
				6B0BE2AA293281B0008C1F2E /* ActionDetail.swift */,
				6B13DB97292FD5A9001D9214 /* PastActionDetail.swift */,
				6B13DB95292FCDB8001D9214 /* ImagePicker.swift */,
				6BA84E362931707B00D38152 /* ActionModel */,
			);
			path = Actions;
			sourceTree = "<group>";
		};
		A147754228D6026100C204EA /* Discover */ = {
			isa = PBXGroup;
			children = (
				A147754028D6025800C204EA /* DiscoverView.swift */,
				6B0CF45B292BD4FC0013488E /* FeatureCard */,
				6B0CF45C292BD5150013488E /* ArticleModel */,
			);
			path = Discover;
			sourceTree = "<group>";
		};
		A147754528D602B400C204EA /* UserSelf */ = {
			isa = PBXGroup;
			children = (
				A147754328D602A600C204EA /* UserSelfView.swift */,
				A1379DDE28EE759200E3154B /* GHGPerCapita.swift */,
				A1379DE028EE768F00E3154B /* GHGPerCap.csv */,
				6BFC474329539D1100CF1AEE /* About US.swift */,
			);
			path = UserSelf;
			sourceTree = "<group>";
		};
/* End PBXGroup section */

/* Begin PBXNativeTarget section */
		A147750628D5495800C204EA /* CO2 Aware */ = {
			isa = PBXNativeTarget;
			buildConfigurationList = A147751A28D5495A00C204EA /* Build configuration list for PBXNativeTarget "CO2 Aware" */;
			buildPhases = (
				A147750328D5495800C204EA /* Sources */,
				A147750428D5495800C204EA /* Frameworks */,
				A147750528D5495800C204EA /* Resources */,
			);
			buildRules = (
			);
			dependencies = (
			);
			name = "CO2 Aware";
			productName = "CO2 Aware";
			productReference = A147750728D5495800C204EA /* CO2 Aware.app */;
			productType = "com.apple.product-type.application";
		};
/* End PBXNativeTarget section */

/* Begin PBXProject section */
		A14774FF28D5495800C204EA /* Project object */ = {
			isa = PBXProject;
			attributes = {
				BuildIndependentTargetsInParallel = 1;
				LastSwiftUpdateCheck = 1400;
				LastUpgradeCheck = 1420;
				TargetAttributes = {
					A147750628D5495800C204EA = {
						CreatedOnToolsVersion = 14.0;
					};
				};
			};
			buildConfigurationList = A147750228D5495800C204EA /* Build configuration list for PBXProject "CO2 Aware" */;
			compatibilityVersion = "Xcode 14.0";
			developmentRegion = en;
			hasScannedForEncodings = 0;
			knownRegions = (
				en,
				Base,
				"zh-Hans",
			);
			mainGroup = A14774FE28D5495800C204EA;
			productRefGroup = A147750828D5495800C204EA /* Products */;
			projectDirPath = "";
			projectRoot = "";
			targets = (
				A147750628D5495800C204EA /* CO2 Aware */,
			);
		};
/* End PBXProject section */

/* Begin PBXResourcesBuildPhase section */
		A147750528D5495800C204EA /* Resources */ = {
			isa = PBXResourcesBuildPhase;
			buildActionMask = 2147483647;
			files = (
				6BF130EE2926E75F00D23961 /* articles2.json in Resources */,
				A1379DE128EE769000E3154B /* GHGPerCap.csv in Resources */,
				A147751228D5495A00C204EA /* Preview Assets.xcassets in Resources */,
				6B857A842A105AAC00C900DC /* Actions_zh.json in Resources */,
				6B44F077299193CC0016CD36 /* Localizable.strings in Resources */,
				A147750F28D5495A00C204EA /* Assets.xcassets in Resources */,
				6BA84E3A2931719000D38152 /* Actions.json in Resources */,
				6B16A37F2A104B4200EEBB45 /* Articles_zh.json in Resources */,
				6B44F074299193CC0016CD36 /* CO2-Aware-InfoPlist.strings in Resources */,
			);
			runOnlyForDeploymentPostprocessing = 0;
		};
/* End PBXResourcesBuildPhase section */

/* Begin PBXSourcesBuildPhase section */
		A147750328D5495800C204EA /* Sources */ = {
			isa = PBXSourcesBuildPhase;
			buildActionMask = 2147483647;
			files = (
				A1A6A13228EA883D000A53D1 /* LevelsManager.swift in Sources */,
				A147751428D5495A00C204EA /* Persistence.swift in Sources */,
				6B0CF458292B0E930013488E /* PageControl.swift in Sources */,
				6B13DB96292FCDB8001D9214 /* ImagePicker.swift in Sources */,
				6B13DB98292FD5A9001D9214 /* PastActionDetail.swift in Sources */,
				6B0CF454292AEFFC0013488E /* FeatureCard.swift in Sources */,
				A1E890E629180DC900C8E28E /* ModelData.swift in Sources */,
				6B16491D2952532B00532290 /* WelcomeView.swift in Sources */,
				6BA84E382931710E00D38152 /* Action.swift in Sources */,
				6B0BE2AB293281B0008C1F2E /* ActionDetail.swift in Sources */,
				6B0CF45A292B17E80013488E /* ArticleDetails.swift in Sources */,
				6BA84E3C2931722F00D38152 /* ActionModelData.swift in Sources */,
				6BFC47422953874C00CF1AEE /* NotificationManager.swift in Sources */,
				A147754428D602A600C204EA /* UserSelfView.swift in Sources */,
				6BE6FA3F292EC334008814F3 /* Actions.xcdatamodeld in Sources */,
				6B0CF452292AE2F70013488E /* PageViewController.swift in Sources */,
				A147750D28D5495800C204EA /* ContentView.swift in Sources */,
				6B0CF45E292BFD130013488E /* OtherArticles.swift in Sources */,
				A1E890E529180DC900C8E28E /* Article.swift in Sources */,
				6B0CF460292C21000013488E /* SFSafariViewWrapper.swift in Sources */,
				6BFC474429539D1100CF1AEE /* About US.swift in Sources */,
				A147753B28D6020000C204EA /* HomeView.swift in Sources */,
				A147754128D6025800C204EA /* DiscoverView.swift in Sources */,
				A147753E28D6022700C204EA /* ActionsView.swift in Sources */,
				A147750B28D5495800C204EA /* CO2_AwareApp.swift in Sources */,
				A1379DDF28EE759200E3154B /* GHGPerCapita.swift in Sources */,
				6B0CF456292B09B20013488E /* PageView.swift in Sources */,
				A1B3DF9E28F3A06D001D2EDE /* HealthStepsManager.swift in Sources */,
			);
			runOnlyForDeploymentPostprocessing = 0;
		};
/* End PBXSourcesBuildPhase section */

/* Begin PBXVariantGroup section */
		6B44F072299193CC0016CD36 /* CO2-Aware-InfoPlist.strings */ = {
			isa = PBXVariantGroup;
			children = (
				6B44F073299193CC0016CD36 /* zh-Hans */,
			);
			name = "CO2-Aware-InfoPlist.strings";
			path = ..;
			sourceTree = "<group>";
		};
		6B44F075299193CC0016CD36 /* Localizable.strings */ = {
			isa = PBXVariantGroup;
			children = (
				6B44F076299193CC0016CD36 /* zh-Hans */,
			);
			name = Localizable.strings;
			path = ..;
			sourceTree = "<group>";
		};
/* End PBXVariantGroup section */

/* Begin XCBuildConfiguration section */
		A147751828D5495A00C204EA /* Debug */ = {
			isa = XCBuildConfiguration;
			buildSettings = {
				ALWAYS_SEARCH_USER_PATHS = NO;
				CLANG_ANALYZER_LOCALIZABILITY_NONLOCALIZED = YES;
				CLANG_ANALYZER_NONNULL = YES;
				CLANG_ANALYZER_NUMBER_OBJECT_CONVERSION = YES_AGGRESSIVE;
				CLANG_CXX_LANGUAGE_STANDARD = "gnu++20";
				CLANG_ENABLE_MODULES = YES;
				CLANG_ENABLE_OBJC_ARC = YES;
				CLANG_ENABLE_OBJC_WEAK = YES;
				CLANG_WARN_BLOCK_CAPTURE_AUTORELEASING = YES;
				CLANG_WARN_BOOL_CONVERSION = YES;
				CLANG_WARN_COMMA = YES;
				CLANG_WARN_CONSTANT_CONVERSION = YES;
				CLANG_WARN_DEPRECATED_OBJC_IMPLEMENTATIONS = YES;
				CLANG_WARN_DIRECT_OBJC_ISA_USAGE = YES_ERROR;
				CLANG_WARN_DOCUMENTATION_COMMENTS = YES;
				CLANG_WARN_EMPTY_BODY = YES;
				CLANG_WARN_ENUM_CONVERSION = YES;
				CLANG_WARN_INFINITE_RECURSION = YES;
				CLANG_WARN_INT_CONVERSION = YES;
				CLANG_WARN_NON_LITERAL_NULL_CONVERSION = YES;
				CLANG_WARN_OBJC_IMPLICIT_RETAIN_SELF = YES;
				CLANG_WARN_OBJC_LITERAL_CONVERSION = YES;
				CLANG_WARN_OBJC_ROOT_CLASS = YES_ERROR;
				CLANG_WARN_QUOTED_INCLUDE_IN_FRAMEWORK_HEADER = YES;
				CLANG_WARN_RANGE_LOOP_ANALYSIS = YES;
				CLANG_WARN_STRICT_PROTOTYPES = YES;
				CLANG_WARN_SUSPICIOUS_MOVE = YES;
				CLANG_WARN_UNGUARDED_AVAILABILITY = YES_AGGRESSIVE;
				CLANG_WARN_UNREACHABLE_CODE = YES;
				CLANG_WARN__DUPLICATE_METHOD_MATCH = YES;
				COPY_PHASE_STRIP = NO;
				DEBUG_INFORMATION_FORMAT = dwarf;
				ENABLE_STRICT_OBJC_MSGSEND = YES;
				ENABLE_TESTABILITY = YES;
				GCC_C_LANGUAGE_STANDARD = gnu11;
				GCC_DYNAMIC_NO_PIC = NO;
				GCC_NO_COMMON_BLOCKS = YES;
				GCC_OPTIMIZATION_LEVEL = 0;
				GCC_PREPROCESSOR_DEFINITIONS = (
					"DEBUG=1",
					"$(inherited)",
				);
				GCC_WARN_64_TO_32_BIT_CONVERSION = YES;
				GCC_WARN_ABOUT_RETURN_TYPE = YES_ERROR;
				GCC_WARN_UNDECLARED_SELECTOR = YES;
				GCC_WARN_UNINITIALIZED_AUTOS = YES_AGGRESSIVE;
				GCC_WARN_UNUSED_FUNCTION = YES;
				GCC_WARN_UNUSED_VARIABLE = YES;
				IPHONEOS_DEPLOYMENT_TARGET = 15.0;
				MTL_ENABLE_DEBUG_INFO = INCLUDE_SOURCE;
				MTL_FAST_MATH = YES;
				ONLY_ACTIVE_ARCH = YES;
				SDKROOT = iphoneos;
				SWIFT_ACTIVE_COMPILATION_CONDITIONS = DEBUG;
				SWIFT_EMIT_LOC_STRINGS = YES;
				SWIFT_OPTIMIZATION_LEVEL = "-Onone";
			};
			name = Debug;
		};
		A147751928D5495A00C204EA /* Release */ = {
			isa = XCBuildConfiguration;
			buildSettings = {
				ALWAYS_SEARCH_USER_PATHS = NO;
				CLANG_ANALYZER_LOCALIZABILITY_NONLOCALIZED = YES;
				CLANG_ANALYZER_NONNULL = YES;
				CLANG_ANALYZER_NUMBER_OBJECT_CONVERSION = YES_AGGRESSIVE;
				CLANG_CXX_LANGUAGE_STANDARD = "gnu++20";
				CLANG_ENABLE_MODULES = YES;
				CLANG_ENABLE_OBJC_ARC = YES;
				CLANG_ENABLE_OBJC_WEAK = YES;
				CLANG_WARN_BLOCK_CAPTURE_AUTORELEASING = YES;
				CLANG_WARN_BOOL_CONVERSION = YES;
				CLANG_WARN_COMMA = YES;
				CLANG_WARN_CONSTANT_CONVERSION = YES;
				CLANG_WARN_DEPRECATED_OBJC_IMPLEMENTATIONS = YES;
				CLANG_WARN_DIRECT_OBJC_ISA_USAGE = YES_ERROR;
				CLANG_WARN_DOCUMENTATION_COMMENTS = YES;
				CLANG_WARN_EMPTY_BODY = YES;
				CLANG_WARN_ENUM_CONVERSION = YES;
				CLANG_WARN_INFINITE_RECURSION = YES;
				CLANG_WARN_INT_CONVERSION = YES;
				CLANG_WARN_NON_LITERAL_NULL_CONVERSION = YES;
				CLANG_WARN_OBJC_IMPLICIT_RETAIN_SELF = YES;
				CLANG_WARN_OBJC_LITERAL_CONVERSION = YES;
				CLANG_WARN_OBJC_ROOT_CLASS = YES_ERROR;
				CLANG_WARN_QUOTED_INCLUDE_IN_FRAMEWORK_HEADER = YES;
				CLANG_WARN_RANGE_LOOP_ANALYSIS = YES;
				CLANG_WARN_STRICT_PROTOTYPES = YES;
				CLANG_WARN_SUSPICIOUS_MOVE = YES;
				CLANG_WARN_UNGUARDED_AVAILABILITY = YES_AGGRESSIVE;
				CLANG_WARN_UNREACHABLE_CODE = YES;
				CLANG_WARN__DUPLICATE_METHOD_MATCH = YES;
				COPY_PHASE_STRIP = NO;
				DEBUG_INFORMATION_FORMAT = "dwarf-with-dsym";
				ENABLE_NS_ASSERTIONS = NO;
				ENABLE_STRICT_OBJC_MSGSEND = YES;
				GCC_C_LANGUAGE_STANDARD = gnu11;
				GCC_NO_COMMON_BLOCKS = YES;
				GCC_WARN_64_TO_32_BIT_CONVERSION = YES;
				GCC_WARN_ABOUT_RETURN_TYPE = YES_ERROR;
				GCC_WARN_UNDECLARED_SELECTOR = YES;
				GCC_WARN_UNINITIALIZED_AUTOS = YES_AGGRESSIVE;
				GCC_WARN_UNUSED_FUNCTION = YES;
				GCC_WARN_UNUSED_VARIABLE = YES;
				IPHONEOS_DEPLOYMENT_TARGET = 15.0;
				MTL_ENABLE_DEBUG_INFO = NO;
				MTL_FAST_MATH = YES;
				SDKROOT = iphoneos;
				SWIFT_COMPILATION_MODE = wholemodule;
				SWIFT_EMIT_LOC_STRINGS = YES;
				SWIFT_OPTIMIZATION_LEVEL = "-O";
				VALIDATE_PRODUCT = YES;
			};
			name = Release;
		};
		A147751B28D5495A00C204EA /* Debug */ = {
			isa = XCBuildConfiguration;
			buildSettings = {
				ASSETCATALOG_COMPILER_APPICON_NAME = AppIcon;
				ASSETCATALOG_COMPILER_GLOBAL_ACCENT_COLOR_NAME = AccentColor;
				CODE_SIGN_ENTITLEMENTS = "CO2 Aware/CO2 Aware.entitlements";
				CODE_SIGN_IDENTITY = "Apple Development";
				CODE_SIGN_STYLE = Automatic;
				CURRENT_PROJECT_VERSION = 1;
				DEVELOPMENT_ASSET_PATHS = "\"CO2 Aware/Preview Content\"";
				DEVELOPMENT_TEAM = 586L2Q38YL;
				ENABLE_PREVIEWS = YES;
				GENERATE_INFOPLIST_FILE = YES;
				INFOPLIST_FILE = "CO2-Aware-Info.plist";
				INFOPLIST_KEY_CFBundleDisplayName = "CO₂ Aware";
				INFOPLIST_KEY_LSApplicationCategoryType = "public.app-category.lifestyle";
				INFOPLIST_KEY_NSCameraUsageDescription = "You need to take pictures for recording your actions. This app is totally offline and would not upload any personal data. ";
				INFOPLIST_KEY_NSHealthShareUsageDescription = "This app uses your steps data from health to evaluate your daily points earned from walking, as well as to calculate the amount of CO2 you saved.";
				INFOPLIST_KEY_NSHealthUpdateUsageDescription = "This app uses your steps data from health to evaluate your daily points earned from walking, as well as to calculate the amount of CO2 you saved.";
				INFOPLIST_KEY_UIApplicationSceneManifest_Generation = YES;
				INFOPLIST_KEY_UIApplicationSupportsIndirectInputEvents = YES;
				INFOPLIST_KEY_UILaunchScreen_Generation = YES;
				INFOPLIST_KEY_UIRequiresFullScreen = YES;
				INFOPLIST_KEY_UISupportedInterfaceOrientations = UIInterfaceOrientationPortrait;
				INFOPLIST_KEY_UISupportedInterfaceOrientations_iPad = "UIInterfaceOrientationPortrait UIInterfaceOrientationPortraitUpsideDown";
				IPHONEOS_DEPLOYMENT_TARGET = 15.0;
				LD_RUNPATH_SEARCH_PATHS = (
					"$(inherited)",
					"@executable_path/Frameworks",
				);
				MARKETING_VERSION = 1.1;
				PRODUCT_BUNDLE_IDENTIFIER = ShawnWang.CO2Aware;
				PRODUCT_NAME = "$(TARGET_NAME)";
				PROVISIONING_PROFILE_SPECIFIER = "";
				SUPPORTED_PLATFORMS = "iphoneos iphonesimulator";
				SUPPORTS_MACCATALYST = NO;
				SUPPORTS_MAC_DESIGNED_FOR_IPHONE_IPAD = YES;
				SWIFT_EMIT_LOC_STRINGS = YES;
				SWIFT_VERSION = 5.0;
				TARGETED_DEVICE_FAMILY = "1,2";
			};
			name = Debug;
		};
		A147751C28D5495A00C204EA /* Release */ = {
			isa = XCBuildConfiguration;
			buildSettings = {
				ASSETCATALOG_COMPILER_APPICON_NAME = AppIcon;
				ASSETCATALOG_COMPILER_GLOBAL_ACCENT_COLOR_NAME = AccentColor;
				CODE_SIGN_ENTITLEMENTS = "CO2 Aware/CO2 Aware.entitlements";
				CODE_SIGN_IDENTITY = "Apple Development";
				CODE_SIGN_STYLE = Automatic;
				CURRENT_PROJECT_VERSION = 1;
				DEVELOPMENT_ASSET_PATHS = "\"CO2 Aware/Preview Content\"";
				DEVELOPMENT_TEAM = 586L2Q38YL;
				ENABLE_PREVIEWS = YES;
				GENERATE_INFOPLIST_FILE = YES;
				INFOPLIST_FILE = "CO2-Aware-Info.plist";
				INFOPLIST_KEY_CFBundleDisplayName = "CO₂ Aware";
				INFOPLIST_KEY_LSApplicationCategoryType = "public.app-category.lifestyle";
				INFOPLIST_KEY_NSCameraUsageDescription = "You need to take pictures for recording your actions. This app is totally offline and would not upload any personal data. ";
				INFOPLIST_KEY_NSHealthShareUsageDescription = "This app uses your steps data from health to evaluate your daily points earned from walking, as well as to calculate the amount of CO2 you saved.";
				INFOPLIST_KEY_NSHealthUpdateUsageDescription = "This app uses your steps data from health to evaluate your daily points earned from walking, as well as to calculate the amount of CO2 you saved.";
				INFOPLIST_KEY_UIApplicationSceneManifest_Generation = YES;
				INFOPLIST_KEY_UIApplicationSupportsIndirectInputEvents = YES;
				INFOPLIST_KEY_UILaunchScreen_Generation = YES;
				INFOPLIST_KEY_UIRequiresFullScreen = YES;
				INFOPLIST_KEY_UISupportedInterfaceOrientations = UIInterfaceOrientationPortrait;
				INFOPLIST_KEY_UISupportedInterfaceOrientations_iPad = "UIInterfaceOrientationPortrait UIInterfaceOrientationPortraitUpsideDown";
				IPHONEOS_DEPLOYMENT_TARGET = 15.0;
				LD_RUNPATH_SEARCH_PATHS = (
					"$(inherited)",
					"@executable_path/Frameworks",
				);
				MARKETING_VERSION = 1.1;
				PRODUCT_BUNDLE_IDENTIFIER = ShawnWang.CO2Aware;
				PRODUCT_NAME = "$(TARGET_NAME)";
				PROVISIONING_PROFILE_SPECIFIER = "";
				SUPPORTED_PLATFORMS = "iphoneos iphonesimulator";
				SUPPORTS_MACCATALYST = NO;
				SUPPORTS_MAC_DESIGNED_FOR_IPHONE_IPAD = YES;
				SWIFT_EMIT_LOC_STRINGS = YES;
				SWIFT_VERSION = 5.0;
				TARGETED_DEVICE_FAMILY = "1,2";
			};
			name = Release;
		};
/* End XCBuildConfiguration section */

/* Begin XCConfigurationList section */
		A147750228D5495800C204EA /* Build configuration list for PBXProject "CO2 Aware" */ = {
			isa = XCConfigurationList;
			buildConfigurations = (
				A147751828D5495A00C204EA /* Debug */,
				A147751928D5495A00C204EA /* Release */,
			);
			defaultConfigurationIsVisible = 0;
			defaultConfigurationName = Release;
		};
		A147751A28D5495A00C204EA /* Build configuration list for PBXNativeTarget "CO2 Aware" */ = {
			isa = XCConfigurationList;
			buildConfigurations = (
				A147751B28D5495A00C204EA /* Debug */,
				A147751C28D5495A00C204EA /* Release */,
			);
			defaultConfigurationIsVisible = 0;
			defaultConfigurationName = Release;
		};
/* End XCConfigurationList section */

/* Begin XCVersionGroup section */
		6BE6FA3D292EC334008814F3 /* Actions.xcdatamodeld */ = {
			isa = XCVersionGroup;
			children = (
				6BE6FA3E292EC334008814F3 /* Actions.xcdatamodel */,
			);
			currentVersion = 6BE6FA3E292EC334008814F3 /* Actions.xcdatamodel */;
			path = Actions.xcdatamodeld;
			sourceTree = "<group>";
			versionGroupType = wrapper.xcdatamodel;
		};
/* End XCVersionGroup section */
	};
	rootObject = A14774FF28D5495800C204EA /* Project object */;
}
